PODS:
  - ContainerController (1.1)
  - SwiftLint (0.45.1)

DEPENDENCIES:
  - ContainerController (from `../`)
  - SwiftLint (~> 0.45.1)

SPEC REPOS:
  https://github.com/CocoaPods/Specs.git:
    - SwiftLint

EXTERNAL SOURCES:
  ContainerController:
    :path: "../"

SPEC CHECKSUMS:
  ContainerController: e7e439ead2983f35fd14a7c9255b96db6c9247ae
  SwiftLint: 06ac37e4d38c7068e0935bb30cda95f093bec761

PODFILE CHECKSUM: ea959055ea2c98e7449da90673318f2763724aea

COCOAPODS: 1.11.2
