PODS:
  - ContainerController (1.0)
  - SwiftLint (0.21.0)

DEPENDENCIES:
  - ContainerController (from `../`)
  - SwiftLint (~> 0.21.0)

SPEC REPOS:
  https://github.com/cocoapods/specs.git:
    - SwiftLint

EXTERNAL SOURCES:
  ContainerController:
    :path: "../"

SPEC CHECKSUMS:
  ContainerController: 3e5bed6004573a0e0f2384cad0eb6437e149e0a9
  SwiftLint: 6de8b2d15f43c482bdec2953b8cfd696faa876e8

PODFILE CHECKSUM: 9bb96c2c7a845d6773e5eb95661585fe4257ae0e

COCOAPODS: 1.5.3
